
Microsoft Visual Studio Solution File, Format Version 12.00
# Visual Studio Version 17
VisualStudioVersion = 17.0.31903.59
MinimumVisualStudioVersion = 10.0.40219.1
Project("{FAE04EC0-301F-11D3-BF4B-00C04F79EFBC}") = "atm-executor", "atm-executor\atm-executor.csproj", "{37C23BAA-406F-4C2D-9EF8-2C493F4759A6}"
EndProject
Project("{FAE04EC0-301F-11D3-BF4B-00C04F79EFBC}") = "atm-unitTests", "atm-unitTests\atm-unitTests.csproj", "{B66EC3F7-AA14-4845-B2AD-6D8B3B41F881}"
EndProject
Global
	GlobalSection(SolutionConfigurationPlatforms) = preSolution
		Debug|Any CPU = Debug|Any CPU
		Release|Any CPU = Release|Any CPU
	EndGlobalSection
	GlobalSection(SolutionProperties) = preSolution
		HideSolutionNode = FALSE
	EndGlobalSection
	GlobalSection(ProjectConfigurationPlatforms) = postSolution
		{37C23BAA-406F-4C2D-9EF8-2C493F4759A6}.Debug|Any CPU.ActiveCfg = Debug|Any CPU
		{37C23BAA-406F-4C2D-9EF8-2C493F4759A6}.Debug|Any CPU.Build.0 = Debug|Any CPU
		{37C23BAA-406F-4C2D-9EF8-2C493F4759A6}.Release|Any CPU.ActiveCfg = Release|Any CPU
		{37C23BAA-406F-4C2D-9EF8-2C493F4759A6}.Release|Any CPU.Build.0 = Release|Any CPU
		{B66EC3F7-AA14-4845-B2AD-6D8B3B41F881}.Debug|Any CPU.ActiveCfg = Debug|Any CPU
		{B66EC3F7-AA14-4845-B2AD-6D8B3B41F881}.Debug|Any CPU.Build.0 = Debug|Any CPU
		{B66EC3F7-AA14-4845-B2AD-6D8B3B41F881}.Release|Any CPU.ActiveCfg = Release|Any CPU
		{B66EC3F7-AA14-4845-B2AD-6D8B3B41F881}.Release|Any CPU.Build.0 = Release|Any CPU
	EndGlobalSection
EndGlobal
